// !$*UTF8*$!
{
	archiveVersion = 1;
	classes = {
	};
	objectVersion = 55;
	objects = {

/* Begin PBXBuildFile section */
		01ECDA6F28D6C77400A4FEB0 /* cometrueApp.swift in Sources */ = {isa = PBXBuildFile; fileRef = 01ECDA6E28D6C77400A4FEB0 /* cometrueApp.swift */; };
		01ECDA7128D6C77400A4FEB0 /* ContentView.swift in Sources */ = {isa = PBXBuildFile; fileRef = 01ECDA7028D6C77400A4FEB0 /* ContentView.swift */; };
		01ECDA7328D6C77900A4FEB0 /* Assets.xcassets in Resources */ = {isa = PBXBuildFile; fileRef = 01ECDA7228D6C77900A4FEB0 /* Assets.xcassets */; };
		01ECDA7628D6C77900A4FEB0 /* Preview Assets.xcassets in Resources */ = {isa = PBXBuildFile; fileRef = 01ECDA7528D6C77900A4FEB0 /* Preview Assets.xcassets */; };
		01ECDA7828D6C77900A4FEB0 /* Persistence.swift in Sources */ = {isa = PBXBuildFile; fileRef = 01ECDA7728D6C77900A4FEB0 /* Persistence.swift */; };
		01ECDA7B28D6C77900A4FEB0 /* cometrue.xcdatamodeld in Sources */ = {isa = PBXBuildFile; fileRef = 01ECDA7928D6C77900A4FEB0 /* cometrue.xcdatamodeld */; };
		01ECDA8528D6C77900A4FEB0 /* cometrueTests.swift in Sources */ = {isa = PBXBuildFile; fileRef = 01ECDA8428D6C77900A4FEB0 /* cometrueTests.swift */; };
		01ECDA8F28D6C77900A4FEB0 /* cometrueUITests.swift in Sources */ = {isa = PBXBuildFile; fileRef = 01ECDA8E28D6C77900A4FEB0 /* cometrueUITests.swift */; };
		01ECDA9128D6C77900A4FEB0 /* cometrueUITestsLaunchTests.swift in Sources */ = {isa = PBXBuildFile; fileRef = 01ECDA9028D6C77900A4FEB0 /* cometrueUITestsLaunchTests.swift */; };
/* End PBXBuildFile section */

/* Begin PBXContainerItemProxy section */
		01ECDA8128D6C77900A4FEB0 /* PBXContainerItemProxy */ = {
			isa = PBXContainerItemProxy;
			containerPortal = 01ECDA6328D6C77400A4FEB0 /* Project object */;
			proxyType = 1;
			remoteGlobalIDString = 01ECDA6A28D6C77400A4FEB0;
			remoteInfo = cometrue;
		};
		01ECDA8B28D6C77900A4FEB0 /* PBXContainerItemProxy */ = {
			isa = PBXContainerItemProxy;
			containerPortal = 01ECDA6328D6C77400A4FEB0 /* Project object */;
			proxyType = 1;
			remoteGlobalIDString = 01ECDA6A28D6C77400A4FEB0;
			remoteInfo = cometrue;
		};
/* End PBXContainerItemProxy section */

/* Begin PBXFileReference section */
		01ECDA6B28D6C77400A4FEB0 /* cometrue.app */ = {isa = PBXFileReference; explicitFileType = wrapper.application; includeInIndex = 0; path = cometrue.app; sourceTree = BUILT_PRODUCTS_DIR; };
		01ECDA6E28D6C77400A4FEB0 /* cometrueApp.swift */ = {isa = PBXFileReference; lastKnownFileType = sourcecode.swift; path = cometrueApp.swift; sourceTree = "<group>"; };
		01ECDA7028D6C77400A4FEB0 /* ContentView.swift */ = {isa = PBXFileReference; lastKnownFileType = sourcecode.swift; path = ContentView.swift; sourceTree = "<group>"; };
		01ECDA7228D6C77900A4FEB0 /* Assets.xcassets */ = {isa = PBXFileReference; lastKnownFileType = folder.assetcatalog; path = Assets.xcassets; sourceTree = "<group>"; };
		01ECDA7528D6C77900A4FEB0 /* Preview Assets.xcassets */ = {isa = PBXFileReference; lastKnownFileType = folder.assetcatalog; path = "Preview Assets.xcassets"; sourceTree = "<group>"; };
		01ECDA7728D6C77900A4FEB0 /* Persistence.swift */ = {isa = PBXFileReference; lastKnownFileType = sourcecode.swift; path = Persistence.swift; sourceTree = "<group>"; };
		01ECDA7A28D6C77900A4FEB0 /* cometrue.xcdatamodel */ = {isa = PBXFileReference; lastKnownFileType = wrapper.xcdatamodel; path = cometrue.xcdatamodel; sourceTree = "<group>"; };
		01ECDA8028D6C77900A4FEB0 /* cometrueTests.xctest */ = {isa = PBXFileReference; explicitFileType = wrapper.cfbundle; includeInIndex = 0; path = cometrueTests.xctest; sourceTree = BUILT_PRODUCTS_DIR; };
		01ECDA8428D6C77900A4FEB0 /* cometrueTests.swift */ = {isa = PBXFileReference; lastKnownFileType = sourcecode.swift; path = cometrueTests.swift; sourceTree = "<group>"; };
		01ECDA8A28D6C77900A4FEB0 /* cometrueUITests.xctest */ = {isa = PBXFileReference; explicitFileType = wrapper.cfbundle; includeInIndex = 0; path = cometrueUITests.xctest; sourceTree = BUILT_PRODUCTS_DIR; };
		01ECDA8E28D6C77900A4FEB0 /* cometrueUITests.swift */ = {isa = PBXFileReference; lastKnownFileType = sourcecode.swift; path = cometrueUITests.swift; sourceTree = "<group>"; };
		01ECDA9028D6C77900A4FEB0 /* cometrueUITestsLaunchTests.swift */ = {isa = PBXFileReference; lastKnownFileType = sourcecode.swift; path = cometrueUITestsLaunchTests.swift; sourceTree = "<group>"; };
/* End PBXFileReference section */

/* Begin PBXFrameworksBuildPhase section */
		01ECDA6828D6C77400A4FEB0 /* Frameworks */ = {
			isa = PBXFrameworksBuildPhase;
			buildActionMask = 2147483647;
			files = (
			);
			runOnlyForDeploymentPostprocessing = 0;
		};
		01ECDA7D28D6C77900A4FEB0 /* Frameworks */ = {
			isa = PBXFrameworksBuildPhase;
			buildActionMask = 2147483647;
			files = (
			);
			runOnlyForDeploymentPostprocessing = 0;
		};
		01ECDA8728D6C77900A4FEB0 /* Frameworks */ = {
			isa = PBXFrameworksBuildPhase;
			buildActionMask = 2147483647;
			files = (
			);
			runOnlyForDeploymentPostprocessing = 0;
		};
/* End PBXFrameworksBuildPhase section */

/* Begin PBXGroup section */
		01ECDA6228D6C77400A4FEB0 = {
			isa = PBXGroup;
			children = (
				01ECDA6D28D6C77400A4FEB0 /* cometrue */,
				01ECDA8328D6C77900A4FEB0 /* cometrueTests */,
				01ECDA8D28D6C77900A4FEB0 /* cometrueUITests */,
				01ECDA6C28D6C77400A4FEB0 /* Products */,
			);
			sourceTree = "<group>";
		};
		01ECDA6C28D6C77400A4FEB0 /* Products */ = {
			isa = PBXGroup;
			children = (
				01ECDA6B28D6C77400A4FEB0 /* cometrue.app */,
				01ECDA8028D6C77900A4FEB0 /* cometrueTests.xctest */,
				01ECDA8A28D6C77900A4FEB0 /* cometrueUITests.xctest */,
			);
			name = Products;
			sourceTree = "<group>";
		};
		01ECDA6D28D6C77400A4FEB0 /* cometrue */ = {
			isa = PBXGroup;
			children = (
				01ECDA6E28D6C77400A4FEB0 /* cometrueApp.swift */,
				01ECDA7028D6C77400A4FEB0 /* ContentView.swift */,
				01ECDA7228D6C77900A4FEB0 /* Assets.xcassets */,
				01ECDA7728D6C77900A4FEB0 /* Persistence.swift */,
				01ECDA7928D6C77900A4FEB0 /* cometrue.xcdatamodeld */,
				01ECDA7428D6C77900A4FEB0 /* Preview Content */,
			);
			path = cometrue;
			sourceTree = "<group>";
		};
		01ECDA7428D6C77900A4FEB0 /* Preview Content */ = {
			isa = PBXGroup;
			children = (
				01ECDA7528D6C77900A4FEB0 /* Preview Assets.xcassets */,
			);
			path = "Preview Content";
			sourceTree = "<group>";
		};
		01ECDA8328D6C77900A4FEB0 /* cometrueTests */ = {
			isa = PBXGroup;
			children = (
				01ECDA8428D6C77900A4FEB0 /* cometrueTests.swift */,
			);
			path = cometrueTests;
			sourceTree = "<group>";
		};
		01ECDA8D28D6C77900A4FEB0 /* cometrueUITests */ = {
			isa = PBXGroup;
			children = (
				01ECDA8E28D6C77900A4FEB0 /* cometrueUITests.swift */,
				01ECDA9028D6C77900A4FEB0 /* cometrueUITestsLaunchTests.swift */,
			);
			path = cometrueUITests;
			sourceTree = "<group>";
		};
/* End PBXGroup section */

/* Begin PBXNativeTarget section */
		01ECDA6A28D6C77400A4FEB0 /* cometrue */ = {
			isa = PBXNativeTarget;
			buildConfigurationList = 01ECDA9428D6C77900A4FEB0 /* Build configuration list for PBXNativeTarget "cometrue" */;
			buildPhases = (
				01ECDA6728D6C77400A4FEB0 /* Sources */,
				01ECDA6828D6C77400A4FEB0 /* Frameworks */,
				01ECDA6928D6C77400A4FEB0 /* Resources */,
			);
			buildRules = (
			);
			dependencies = (
			);
			name = cometrue;
			productName = cometrue;
			productReference = 01ECDA6B28D6C77400A4FEB0 /* cometrue.app */;
			productType = "com.apple.product-type.application";
		};
		01ECDA7F28D6C77900A4FEB0 /* cometrueTests */ = {
			isa = PBXNativeTarget;
			buildConfigurationList = 01ECDA9728D6C77900A4FEB0 /* Build configuration list for PBXNativeTarget "cometrueTests" */;
			buildPhases = (
				01ECDA7C28D6C77900A4FEB0 /* Sources */,
				01ECDA7D28D6C77900A4FEB0 /* Frameworks */,
				01ECDA7E28D6C77900A4FEB0 /* Resources */,
			);
			buildRules = (
			);
			dependencies = (
				01ECDA8228D6C77900A4FEB0 /* PBXTargetDependency */,
			);
			name = cometrueTests;
			productName = cometrueTests;
			productReference = 01ECDA8028D6C77900A4FEB0 /* cometrueTests.xctest */;
			productType = "com.apple.product-type.bundle.unit-test";
		};
		01ECDA8928D6C77900A4FEB0 /* cometrueUITests */ = {
			isa = PBXNativeTarget;
			buildConfigurationList = 01ECDA9A28D6C77900A4FEB0 /* Build configuration list for PBXNativeTarget "cometrueUITests" */;
			buildPhases = (
				01ECDA8628D6C77900A4FEB0 /* Sources */,
				01ECDA8728D6C77900A4FEB0 /* Frameworks */,
				01ECDA8828D6C77900A4FEB0 /* Resources */,
			);
			buildRules = (
			);
			dependencies = (
				01ECDA8C28D6C77900A4FEB0 /* PBXTargetDependency */,
			);
			name = cometrueUITests;
			productName = cometrueUITests;
			productReference = 01ECDA8A28D6C77900A4FEB0 /* cometrueUITests.xctest */;
			productType = "com.apple.product-type.bundle.ui-testing";
		};
/* End PBXNativeTarget section */

/* Begin PBXProject section */
		01ECDA6328D6C77400A4FEB0 /* Project object */ = {
			isa = PBXProject;
			attributes = {
				BuildIndependentTargetsInParallel = 1;
				LastSwiftUpdateCheck = 1300;
				LastUpgradeCheck = 1300;
				TargetAttributes = {
					01ECDA6A28D6C77400A4FEB0 = {
						CreatedOnToolsVersion = 13.0;
					};
					01ECDA7F28D6C77900A4FEB0 = {
						CreatedOnToolsVersion = 13.0;
						TestTargetID = 01ECDA6A28D6C77400A4FEB0;
					};
					01ECDA8928D6C77900A4FEB0 = {
						CreatedOnToolsVersion = 13.0;
						TestTargetID = 01ECDA6A28D6C77400A4FEB0;
					};
				};
			};
			buildConfigurationList = 01ECDA6628D6C77400A4FEB0 /* Build configuration list for PBXProject "cometrue" */;
			compatibilityVersion = "Xcode 13.0";
			developmentRegion = en;
			hasScannedForEncodings = 0;
			knownRegions = (
				en,
				Base,
			);
			mainGroup = 01ECDA6228D6C77400A4FEB0;
			productRefGroup = 01ECDA6C28D6C77400A4FEB0 /* Products */;
			projectDirPath = "";
			projectRoot = "";
			targets = (
				01ECDA6A28D6C77400A4FEB0 /* cometrue */,
				01ECDA7F28D6C77900A4FEB0 /* cometrueTests */,
				01ECDA8928D6C77900A4FEB0 /* cometrueUITests */,
			);
		};
/* End PBXProject section */

/* Begin PBXResourcesBuildPhase section */
		01ECDA6928D6C77400A4FEB0 /* Resources */ = {
			isa = PBXResourcesBuildPhase;
			buildActionMask = 2147483647;
			files = (
				01ECDA7628D6C77900A4FEB0 /* Preview Assets.xcassets in Resources */,
				01ECDA7328D6C77900A4FEB0 /* Assets.xcassets in Resources */,
			);
			runOnlyForDeploymentPostprocessing = 0;
		};
		01ECDA7E28D6C77900A4FEB0 /* Resources */ = {
			isa = PBXResourcesBuildPhase;
			buildActionMask = 2147483647;
			files = (
			);
			runOnlyForDeploymentPostprocessing = 0;
		};
		01ECDA8828D6C77900A4FEB0 /* Resources */ = {
			isa = PBXResourcesBuildPhase;
			buildActionMask = 2147483647;
			files = (
			);
			runOnlyForDeploymentPostprocessing = 0;
		};
/* End PBXResourcesBuildPhase section */

/* Begin PBXSourcesBuildPhase section */
		01ECDA6728D6C77400A4FEB0 /* Sources */ = {
			isa = PBXSourcesBuildPhase;
			buildActionMask = 2147483647;
			files = (
				01ECDA7828D6C77900A4FEB0 /* Persistence.swift in Sources */,
				01ECDA7B28D6C77900A4FEB0 /* cometrue.xcdatamodeld in Sources */,
				01ECDA7128D6C77400A4FEB0 /* ContentView.swift in Sources */,
				01ECDA6F28D6C77400A4FEB0 /* cometrueApp.swift in Sources */,
			);
			runOnlyForDeploymentPostprocessing = 0;
		};
		01ECDA7C28D6C77900A4FEB0 /* Sources */ = {
			isa = PBXSourcesBuildPhase;
			buildActionMask = 2147483647;
			files = (
				01ECDA8528D6C77900A4FEB0 /* cometrueTests.swift in Sources */,
			);
			runOnlyForDeploymentPostprocessing = 0;
		};
		01ECDA8628D6C77900A4FEB0 /* Sources */ = {
			isa = PBXSourcesBuildPhase;
			buildActionMask = 2147483647;
			files = (
				01ECDA9128D6C77900A4FEB0 /* cometrueUITestsLaunchTests.swift in Sources */,
				01ECDA8F28D6C77900A4FEB0 /* cometrueUITests.swift in Sources */,
			);
			runOnlyForDeploymentPostprocessing = 0;
		};
/* End PBXSourcesBuildPhase section */

/* Begin PBXTargetDependency section */
		01ECDA8228D6C77900A4FEB0 /* PBXTargetDependency */ = {
			isa = PBXTargetDependency;
			target = 01ECDA6A28D6C77400A4FEB0 /* cometrue */;
			targetProxy = 01ECDA8128D6C77900A4FEB0 /* PBXContainerItemProxy */;
		};
		01ECDA8C28D6C77900A4FEB0 /* PBXTargetDependency */ = {
			isa = PBXTargetDependency;
			target = 01ECDA6A28D6C77400A4FEB0 /* cometrue */;
			targetProxy = 01ECDA8B28D6C77900A4FEB0 /* PBXContainerItemProxy */;
		};
/* End PBXTargetDependency section */

/* Begin XCBuildConfiguration section */
		01ECDA9228D6C77900A4FEB0 /* Debug */ = {
			isa = XCBuildConfiguration;
			buildSettings = {
				ALWAYS_SEARCH_USER_PATHS = NO;
				CLANG_ANALYZER_NONNULL = YES;
				CLANG_ANALYZER_NUMBER_OBJECT_CONVERSION = YES_AGGRESSIVE;
				CLANG_CXX_LANGUAGE_STANDARD = "gnu++17";
				CLANG_CXX_LIBRARY = "libc++";
				CLANG_ENABLE_MODULES = YES;
				CLANG_ENABLE_OBJC_ARC = YES;
				CLANG_ENABLE_OBJC_WEAK = YES;
				CLANG_WARN_BLOCK_CAPTURE_AUTORELEASING = YES;
				CLANG_WARN_BOOL_CONVERSION = YES;
				CLANG_WARN_COMMA = YES;
				CLANG_WARN_CONSTANT_CONVERSION = YES;
				CLANG_WARN_DEPRECATED_OBJC_IMPLEMENTATIONS = YES;
				CLANG_WARN_DIRECT_OBJC_ISA_USAGE = YES_ERROR;
				CLANG_WARN_DOCUMENTATION_COMMENTS = YES;
				CLANG_WARN_EMPTY_BODY = YES;
				CLANG_WARN_ENUM_CONVERSION = YES;
				CLANG_WARN_INFINITE_RECURSION = YES;
				CLANG_WARN_INT_CONVERSION = YES;
				CLANG_WARN_NON_LITERAL_NULL_CONVERSION = YES;
				CLANG_WARN_OBJC_IMPLICIT_RETAIN_SELF = YES;
				CLANG_WARN_OBJC_LITERAL_CONVERSION = YES;
				CLANG_WARN_OBJC_ROOT_CLASS = YES_ERROR;
				CLANG_WARN_QUOTED_INCLUDE_IN_FRAMEWORK_HEADER = YES;
				CLANG_WARN_RANGE_LOOP_ANALYSIS = YES;
				CLANG_WARN_STRICT_PROTOTYPES = YES;
				CLANG_WARN_SUSPICIOUS_MOVE = YES;
				CLANG_WARN_UNGUARDED_AVAILABILITY = YES_AGGRESSIVE;
				CLANG_WARN_UNREACHABLE_CODE = YES;
				CLANG_WARN__DUPLICATE_METHOD_MATCH = YES;
				COPY_PHASE_STRIP = NO;
				DEBUG_INFORMATION_FORMAT = dwarf;
				ENABLE_STRICT_OBJC_MSGSEND = YES;
				ENABLE_TESTABILITY = YES;
				GCC_C_LANGUAGE_STANDARD = gnu11;
				GCC_DYNAMIC_NO_PIC = NO;
				GCC_NO_COMMON_BLOCKS = YES;
				GCC_OPTIMIZATION_LEVEL = 0;
				GCC_PREPROCESSOR_DEFINITIONS = (
					"DEBUG=1",
					"$(inherited)",
				);
				GCC_WARN_64_TO_32_BIT_CONVERSION = YES;
				GCC_WARN_ABOUT_RETURN_TYPE = YES_ERROR;
				GCC_WARN_UNDECLARED_SELECTOR = YES;
				GCC_WARN_UNINITIALIZED_AUTOS = YES_AGGRESSIVE;
				GCC_WARN_UNUSED_FUNCTION = YES;
				GCC_WARN_UNUSED_VARIABLE = YES;
				IPHONEOS_DEPLOYMENT_TARGET = 15.0;
				MTL_ENABLE_DEBUG_INFO = INCLUDE_SOURCE;
				MTL_FAST_MATH = YES;
				ONLY_ACTIVE_ARCH = YES;
				SDKROOT = iphoneos;
				SWIFT_ACTIVE_COMPILATION_CONDITIONS = DEBUG;
				SWIFT_OPTIMIZATION_LEVEL = "-Onone";
			};
			name = Debug;
		};
		01ECDA9328D6C77900A4FEB0 /* Release */ = {
			isa = XCBuildConfiguration;
			buildSettings = {
				ALWAYS_SEARCH_USER_PATHS = NO;
				CLANG_ANALYZER_NONNULL = YES;
				CLANG_ANALYZER_NUMBER_OBJECT_CONVERSION = YES_AGGRESSIVE;
				CLANG_CXX_LANGUAGE_STANDARD = "gnu++17";
				CLANG_CXX_LIBRARY = "libc++";
				CLANG_ENABLE_MODULES = YES;
				CLANG_ENABLE_OBJC_ARC = YES;
				CLANG_ENABLE_OBJC_WEAK = YES;
				CLANG_WARN_BLOCK_CAPTURE_AUTORELEASING = YES;
				CLANG_WARN_BOOL_CONVERSION = YES;
				CLANG_WARN_COMMA = YES;
				CLANG_WARN_CONSTANT_CONVERSION = YES;
				CLANG_WARN_DEPRECATED_OBJC_IMPLEMENTATIONS = YES;
				CLANG_WARN_DIRECT_OBJC_ISA_USAGE = YES_ERROR;
				CLANG_WARN_DOCUMENTATION_COMMENTS = YES;
				CLANG_WARN_EMPTY_BODY = YES;
				CLANG_WARN_ENUM_CONVERSION = YES;
				CLANG_WARN_INFINITE_RECURSION = YES;
				CLANG_WARN_INT_CONVERSION = YES;
				CLANG_WARN_NON_LITERAL_NULL_CONVERSION = YES;
				CLANG_WARN_OBJC_IMPLICIT_RETAIN_SELF = YES;
				CLANG_WARN_OBJC_LITERAL_CONVERSION = YES;
				CLANG_WARN_OBJC_ROOT_CLASS = YES_ERROR;
				CLANG_WARN_QUOTED_INCLUDE_IN_FRAMEWORK_HEADER = YES;
				CLANG_WARN_RANGE_LOOP_ANALYSIS = YES;
				CLANG_WARN_STRICT_PROTOTYPES = YES;
				CLANG_WARN_SUSPICIOUS_MOVE = YES;
				CLANG_WARN_UNGUARDED_AVAILABILITY = YES_AGGRESSIVE;
				CLANG_WARN_UNREACHABLE_CODE = YES;
				CLANG_WARN__DUPLICATE_METHOD_MATCH = YES;
				COPY_PHASE_STRIP = NO;
				DEBUG_INFORMATION_FORMAT = "dwarf-with-dsym";
				ENABLE_NS_ASSERTIONS = NO;
				ENABLE_STRICT_OBJC_MSGSEND = YES;
				GCC_C_LANGUAGE_STANDARD = gnu11;
				GCC_NO_COMMON_BLOCKS = YES;
				GCC_WARN_64_TO_32_BIT_CONVERSION = YES;
				GCC_WARN_ABOUT_RETURN_TYPE = YES_ERROR;
				GCC_WARN_UNDECLARED_SELECTOR = YES;
				GCC_WARN_UNINITIALIZED_AUTOS = YES_AGGRESSIVE;
				GCC_WARN_UNUSED_FUNCTION = YES;
				GCC_WARN_UNUSED_VARIABLE = YES;
				IPHONEOS_DEPLOYMENT_TARGET = 15.0;
				MTL_ENABLE_DEBUG_INFO = NO;
				MTL_FAST_MATH = YES;
				SDKROOT = iphoneos;
				SWIFT_COMPILATION_MODE = wholemodule;
				SWIFT_OPTIMIZATION_LEVEL = "-O";
				VALIDATE_PRODUCT = YES;
			};
			name = Release;
		};
		01ECDA9528D6C77900A4FEB0 /* Debug */ = {
			isa = XCBuildConfiguration;
			buildSettings = {
				ASSETCATALOG_COMPILER_APPICON_NAME = AppIcon;
				ASSETCATALOG_COMPILER_GLOBAL_ACCENT_COLOR_NAME = AccentColor;
				CODE_SIGN_STYLE = Automatic;
				CURRENT_PROJECT_VERSION = 1;
				DEVELOPMENT_ASSET_PATHS = "\"cometrue/Preview Content\"";
				DEVELOPMENT_TEAM = 86GW4CH875;
				ENABLE_PREVIEWS = YES;
				GENERATE_INFOPLIST_FILE = YES;
				INFOPLIST_KEY_UIApplicationSceneManifest_Generation = YES;
				INFOPLIST_KEY_UIApplicationSupportsIndirectInputEvents = YES;
				INFOPLIST_KEY_UILaunchScreen_Generation = YES;
				INFOPLIST_KEY_UISupportedInterfaceOrientations_iPad = "UIInterfaceOrientationPortrait UIInterfaceOrientationPortraitUpsideDown UIInterfaceOrientationLandscapeLeft UIInterfaceOrientationLandscapeRight";
				INFOPLIST_KEY_UISupportedInterfaceOrientations_iPhone = "UIInterfaceOrientationPortrait UIInterfaceOrientationLandscapeLeft UIInterfaceOrientationLandscapeRight";
				IPHONEOS_DEPLOYMENT_TARGET = 14.0;
				LD_RUNPATH_SEARCH_PATHS = (
					"$(inherited)",
					"@executable_path/Frameworks",
				);
				MARKETING_VERSION = 1.0;
				PRODUCT_BUNDLE_IDENTIFIER = bai.cometrue;
				PRODUCT_NAME = "$(TARGET_NAME)";
				SWIFT_EMIT_LOC_STRINGS = YES;
				SWIFT_VERSION = 5.0;
				TARGETED_DEVICE_FAMILY = "1,2";
			};
			name = Debug;
		};
		01ECDA9628D6C77900A4FEB0 /* Release */ = {
			isa = XCBuildConfiguration;
			buildSettings = {
				ASSETCATALOG_COMPILER_APPICON_NAME = AppIcon;
				ASSETCATALOG_COMPILER_GLOBAL_ACCENT_COLOR_NAME = AccentColor;
				CODE_SIGN_STYLE = Automatic;
				CURRENT_PROJECT_VERSION = 1;
				DEVELOPMENT_ASSET_PATHS = "\"cometrue/Preview Content\"";
				DEVELOPMENT_TEAM = 86GW4CH875;
				ENABLE_PREVIEWS = YES;
				GENERATE_INFOPLIST_FILE = YES;
				INFOPLIST_KEY_UIApplicationSceneManifest_Generation = YES;
				INFOPLIST_KEY_UIApplicationSupportsIndirectInputEvents = YES;
				INFOPLIST_KEY_UILaunchScreen_Generation = YES;
				INFOPLIST_KEY_UISupportedInterfaceOrientations_iPad = "UIInterfaceOrientationPortrait UIInterfaceOrientationPortraitUpsideDown UIInterfaceOrientationLandscapeLeft UIInterfaceOrientationLandscapeRight";
				INFOPLIST_KEY_UISupportedInterfaceOrientations_iPhone = "UIInterfaceOrientationPortrait UIInterfaceOrientationLandscapeLeft UIInterfaceOrientationLandscapeRight";
				IPHONEOS_DEPLOYMENT_TARGET = 14.0;
				LD_RUNPATH_SEARCH_PATHS = (
					"$(inherited)",
					"@executable_path/Frameworks",
				);
				MARKETING_VERSION = 1.0;
				PRODUCT_BUNDLE_IDENTIFIER = bai.cometrue;
				PRODUCT_NAME = "$(TARGET_NAME)";
				SWIFT_EMIT_LOC_STRINGS = YES;
				SWIFT_VERSION = 5.0;
				TARGETED_DEVICE_FAMILY = "1,2";
			};
			name = Release;
		};
		01ECDA9828D6C77900A4FEB0 /* Debug */ = {
			isa = XCBuildConfiguration;
			buildSettings = {
				ALWAYS_EMBED_SWIFT_STANDARD_LIBRARIES = YES;
				BUNDLE_LOADER = "$(TEST_HOST)";
				CODE_SIGN_STYLE = Automatic;
				CURRENT_PROJECT_VERSION = 1;
				DEVELOPMENT_TEAM = 86GW4CH875;
				GENERATE_INFOPLIST_FILE = YES;
				IPHONEOS_DEPLOYMENT_TARGET = 14.0;
				LD_RUNPATH_SEARCH_PATHS = (
					"$(inherited)",
					"@executable_path/Frameworks",
					"@loader_path/Frameworks",
				);
				MARKETING_VERSION = 1.0;
				PRODUCT_BUNDLE_IDENTIFIER = bai.cometrueTests;
				PRODUCT_NAME = "$(TARGET_NAME)";
				SWIFT_EMIT_LOC_STRINGS = NO;
				SWIFT_VERSION = 5.0;
				TARGETED_DEVICE_FAMILY = "1,2";
				TEST_HOST = "$(BUILT_PRODUCTS_DIR)/cometrue.app/cometrue";
			};
			name = Debug;
		};
		01ECDA9928D6C77900A4FEB0 /* Release */ = {
			isa = XCBuildConfiguration;
			buildSettings = {
				ALWAYS_EMBED_SWIFT_STANDARD_LIBRARIES = YES;
				BUNDLE_LOADER = "$(TEST_HOST)";
				CODE_SIGN_STYLE = Automatic;
				CURRENT_PROJECT_VERSION = 1;
				DEVELOPMENT_TEAM = 86GW4CH875;
				GENERATE_INFOPLIST_FILE = YES;
				IPHONEOS_DEPLOYMENT_TARGET = 14.0;
				LD_RUNPATH_SEARCH_PATHS = (
					"$(inherited)",
					"@executable_path/Frameworks",
					"@loader_path/Frameworks",
				);
				MARKETING_VERSION = 1.0;
				PRODUCT_BUNDLE_IDENTIFIER = bai.cometrueTests;
				PRODUCT_NAME = "$(TARGET_NAME)";
				SWIFT_EMIT_LOC_STRINGS = NO;
				SWIFT_VERSION = 5.0;
				TARGETED_DEVICE_FAMILY = "1,2";
				TEST_HOST = "$(BUILT_PRODUCTS_DIR)/cometrue.app/cometrue";
			};
			name = Release;
		};
		01ECDA9B28D6C77900A4FEB0 /* Debug */ = {
			isa = XCBuildConfiguration;
			buildSettings = {
				ALWAYS_EMBED_SWIFT_STANDARD_LIBRARIES = YES;
				CODE_SIGN_STYLE = Automatic;
				CURRENT_PROJECT_VERSION = 1;
				DEVELOPMENT_TEAM = 86GW4CH875;
				GENERATE_INFOPLIST_FILE = YES;
				LD_RUNPATH_SEARCH_PATHS = (
					"$(inherited)",
					"@executable_path/Frameworks",
					"@loader_path/Frameworks",
				);
				MARKETING_VERSION = 1.0;
				PRODUCT_BUNDLE_IDENTIFIER = bai.cometrueUITests;
				PRODUCT_NAME = "$(TARGET_NAME)";
				SWIFT_EMIT_LOC_STRINGS = NO;
				SWIFT_VERSION = 5.0;
				TARGETED_DEVICE_FAMILY = "1,2";
				TEST_TARGET_NAME = cometrue;
			};
			name = Debug;
		};
		01ECDA9C28D6C77900A4FEB0 /* Release */ = {
			isa = XCBuildConfiguration;
			buildSettings = {
				ALWAYS_EMBED_SWIFT_STANDARD_LIBRARIES = YES;
				CODE_SIGN_STYLE = Automatic;
				CURRENT_PROJECT_VERSION = 1;
				DEVELOPMENT_TEAM = 86GW4CH875;
				GENERATE_INFOPLIST_FILE = YES;
				LD_RUNPATH_SEARCH_PATHS = (
					"$(inherited)",
					"@executable_path/Frameworks",
					"@loader_path/Frameworks",
				);
				MARKETING_VERSION = 1.0;
				PRODUCT_BUNDLE_IDENTIFIER = bai.cometrueUITests;
				PRODUCT_NAME = "$(TARGET_NAME)";
				SWIFT_EMIT_LOC_STRINGS = NO;
				SWIFT_VERSION = 5.0;
				TARGETED_DEVICE_FAMILY = "1,2";
				TEST_TARGET_NAME = cometrue;
			};
			name = Release;
		};
/* End XCBuildConfiguration section */

/* Begin XCConfigurationList section */
		01ECDA6628D6C77400A4FEB0 /* Build configuration list for PBXProject "cometrue" */ = {
			isa = XCConfigurationList;
			buildConfigurations = (
				01ECDA9228D6C77900A4FEB0 /* Debug */,
				01ECDA9328D6C77900A4FEB0 /* Release */,
			);
			defaultConfigurationIsVisible = 0;
			defaultConfigurationName = Release;
		};
		01ECDA9428D6C77900A4FEB0 /* Build configuration list for PBXNativeTarget "cometrue" */ = {
			isa = XCConfigurationList;
			buildConfigurations = (
				01ECDA9528D6C77900A4FEB0 /* Debug */,
				01ECDA9628D6C77900A4FEB0 /* Release */,
			);
			defaultConfigurationIsVisible = 0;
			defaultConfigurationName = Release;
		};
		01ECDA9728D6C77900A4FEB0 /* Build configuration list for PBXNativeTarget "cometrueTests" */ = {
			isa = XCConfigurationList;
			buildConfigurations = (
				01ECDA9828D6C77900A4FEB0 /* Debug */,
				01ECDA9928D6C77900A4FEB0 /* Release */,
			);
			defaultConfigurationIsVisible = 0;
			defaultConfigurationName = Release;
		};
		01ECDA9A28D6C77900A4FEB0 /* Build configuration list for PBXNativeTarget "cometrueUITests" */ = {
			isa = XCConfigurationList;
			buildConfigurations = (
				01ECDA9B28D6C77900A4FEB0 /* Debug */,
				01ECDA9C28D6C77900A4FEB0 /* Release */,
			);
			defaultConfigurationIsVisible = 0;
			defaultConfigurationName = Release;
		};
/* End XCConfigurationList section */

/* Begin XCVersionGroup section */
		01ECDA7928D6C77900A4FEB0 /* cometrue.xcdatamodeld */ = {
			isa = XCVersionGroup;
			children = (
				01ECDA7A28D6C77900A4FEB0 /* cometrue.xcdatamodel */,
			);
			currentVersion = 01ECDA7A28D6C77900A4FEB0 /* cometrue.xcdatamodel */;
			path = cometrue.xcdatamodeld;
			sourceTree = "<group>";
			versionGroupType = wrapper.xcdatamodel;
		};
/* End XCVersionGroup section */
	};
	rootObject = 01ECDA6328D6C77400A4FEB0 /* Project object */;
}
